
Microsoft Visual Studio Solution File, Format Version 12.00
# Visual Studio Version 16
VisualStudioVersion = 16.0.32407.337
MinimumVisualStudioVersion = 10.0.40219.1
Project("{FAE04EC0-301F-11D3-BF4B-00C04F79EFBC}") = "teknikServis", "teknikServis\teknikServis.csproj", "{EB591F2E-9CAB-46E2-8CE3-CDF5B8780D24}"
EndProject
Global
	GlobalSection(SolutionConfigurationPlatforms) = preSolution
		Debug|Any CPU = Debug|Any CPU
		Release|Any CPU = Release|Any CPU
	EndGlobalSection
	GlobalSection(ProjectConfigurationPlatforms) = postSolution
		{EB591F2E-9CAB-46E2-8CE3-CDF5B8780D24}.Debug|Any CPU.ActiveCfg = Debug|Any CPU
		{EB591F2E-9CAB-46E2-8CE3-CDF5B8780D24}.Debug|Any CPU.Build.0 = Debug|Any CPU
		{EB591F2E-9CAB-46E2-8CE3-CDF5B8780D24}.Release|Any CPU.ActiveCfg = Release|Any CPU
		{EB591F2E-9CAB-46E2-8CE3-CDF5B8780D24}.Release|Any CPU.Build.0 = Release|Any CPU
	EndGlobalSection
	GlobalSection(SolutionProperties) = preSolution
		HideSolutionNode = FALSE
	EndGlobalSection
	GlobalSection(ExtensibilityGlobals) = postSolution
		SolutionGuid = {2B76F05A-A526-4A0A-81B2-C874ECE448CE}
	EndGlobalSection
EndGlobal
